// !$*UTF8*$!
{
	archiveVersion = 1;
	classes = {
	};
	objectVersion = 46;
	objects = {

/* Begin PBXBuildFile section */
		C64DC1781D1A37E000CB1708 /* UIImage+Extension.swift in Sources */ = {isa = PBXBuildFile; fileRef = C64DC1771D1A37E000CB1708 /* UIImage+Extension.swift */; };
		C64DC17A1D1A38EA00CB1708 /* UIViewController+Extension.swift in Sources */ = {isa = PBXBuildFile; fileRef = C64DC1791D1A38EA00CB1708 /* UIViewController+Extension.swift */; };
		C67CE9A71C91556D002B7A86 /* AppDelegate.swift in Sources */ = {isa = PBXBuildFile; fileRef = C67CE9A61C91556D002B7A86 /* AppDelegate.swift */; };
		C67CE9A91C91556D002B7A86 /* ViewController.swift in Sources */ = {isa = PBXBuildFile; fileRef = C67CE9A81C91556D002B7A86 /* ViewController.swift */; };
		C67CE9AC1C91556D002B7A86 /* Main.storyboard in Resources */ = {isa = PBXBuildFile; fileRef = C67CE9AA1C91556D002B7A86 /* Main.storyboard */; };
		C67CE9AE1C91556D002B7A86 /* Assets.xcassets in Resources */ = {isa = PBXBuildFile; fileRef = C67CE9AD1C91556D002B7A86 /* Assets.xcassets */; };
		C67CE9B11C91556D002B7A86 /* LaunchScreen.storyboard in Resources */ = {isa = PBXBuildFile; fileRef = C67CE9AF1C91556D002B7A86 /* LaunchScreen.storyboard */; };
		C67CE9BA1C9156A2002B7A86 /* UIView+Extension.swift in Sources */ = {isa = PBXBuildFile; fileRef = C67CE9B91C9156A2002B7A86 /* UIView+Extension.swift */; };
		C67CE9BE1C9157FD002B7A86 /* Array+Extension.swift in Sources */ = {isa = PBXBuildFile; fileRef = C67CE9BD1C9157FD002B7A86 /* Array+Extension.swift */; };
		C67CE9C01C915815002B7A86 /* NSDate+Extension.swift in Sources */ = {isa = PBXBuildFile; fileRef = C67CE9BF1C915815002B7A86 /* NSDate+Extension.swift */; };
		C67CE9C21C91597B002B7A86 /* UIColor+Extension.swift in Sources */ = {isa = PBXBuildFile; fileRef = C67CE9C11C91597B002B7A86 /* UIColor+Extension.swift */; };
		C67CE9C41C915996002B7A86 /* CAMediaTimingFunction+Extension.swift in Sources */ = {isa = PBXBuildFile; fileRef = C67CE9C31C915996002B7A86 /* CAMediaTimingFunction+Extension.swift */; };
		C67CE9C71C915A0C002B7A86 /* CIColorInvert.swift in Sources */ = {isa = PBXBuildFile; fileRef = C67CE9C61C915A0C002B7A86 /* CIColorInvert.swift */; };
		C67CE9C91C915A3D002B7A86 /* Common.swift in Sources */ = {isa = PBXBuildFile; fileRef = C67CE9C81C915A3D002B7A86 /* Common.swift */; };
		C67CE9CB1C915B9C002B7A86 /* SwiftyUserDefaults.swift in Sources */ = {isa = PBXBuildFile; fileRef = C67CE9CA1C915B9C002B7A86 /* SwiftyUserDefaults.swift */; };
		C67CE9CF1C915C83002B7A86 /* SwiftyTimer.swift in Sources */ = {isa = PBXBuildFile; fileRef = C67CE9CE1C915C83002B7A86 /* SwiftyTimer.swift */; };
		C6894D6D1CBE1C14006CFDCD /* UIBarButtonItem+Extension.swift in Sources */ = {isa = PBXBuildFile; fileRef = C6894D6C1CBE1C14006CFDCD /* UIBarButtonItem+Extension.swift */; };
		C6894D6F1CBE1C7B006CFDCD /* NSString+Extension.swift in Sources */ = {isa = PBXBuildFile; fileRef = C6894D6E1CBE1C7B006CFDCD /* NSString+Extension.swift */; };
/* End PBXBuildFile section */

/* Begin PBXFileReference section */
		C647C2011D1D3F95008F7A4C /* 图片方向修正.playground */ = {isa = PBXFileReference; lastKnownFileType = file.playground; path = "图片方向修正.playground"; sourceTree = "<group>"; };
		C64DC1771D1A37E000CB1708 /* UIImage+Extension.swift */ = {isa = PBXFileReference; fileEncoding = 4; lastKnownFileType = sourcecode.swift; path = "UIImage+Extension.swift"; sourceTree = "<group>"; };
		C64DC1791D1A38EA00CB1708 /* UIViewController+Extension.swift */ = {isa = PBXFileReference; fileEncoding = 4; lastKnownFileType = sourcecode.swift; path = "UIViewController+Extension.swift"; sourceTree = "<group>"; };
		C65334EC1D1BF42700C8DC09 /* 图片旋转.playground */ = {isa = PBXFileReference; lastKnownFileType = file.playground; path = "图片旋转.playground"; sourceTree = "<group>"; };
		C65334ED1D1BF42700C8DC09 /* 生成二维码.playground */ = {isa = PBXFileReference; lastKnownFileType = file.playground; path = "生成二维码.playground"; sourceTree = "<group>"; };
		C67CE9A31C91556D002B7A86 /* LucioExtension.app */ = {isa = PBXFileReference; explicitFileType = wrapper.application; includeInIndex = 0; path = LucioExtension.app; sourceTree = BUILT_PRODUCTS_DIR; };
		C67CE9A61C91556D002B7A86 /* AppDelegate.swift */ = {isa = PBXFileReference; lastKnownFileType = sourcecode.swift; path = AppDelegate.swift; sourceTree = "<group>"; };
		C67CE9A81C91556D002B7A86 /* ViewController.swift */ = {isa = PBXFileReference; lastKnownFileType = sourcecode.swift; path = ViewController.swift; sourceTree = "<group>"; };
		C67CE9AB1C91556D002B7A86 /* Base */ = {isa = PBXFileReference; lastKnownFileType = file.storyboard; name = Base; path = Base.lproj/Main.storyboard; sourceTree = "<group>"; };
		C67CE9AD1C91556D002B7A86 /* Assets.xcassets */ = {isa = PBXFileReference; lastKnownFileType = folder.assetcatalog; path = Assets.xcassets; sourceTree = "<group>"; };
		C67CE9B01C91556D002B7A86 /* Base */ = {isa = PBXFileReference; lastKnownFileType = file.storyboard; name = Base; path = Base.lproj/LaunchScreen.storyboard; sourceTree = "<group>"; };
		C67CE9B21C91556D002B7A86 /* Info.plist */ = {isa = PBXFileReference; lastKnownFileType = text.plist.xml; path = Info.plist; sourceTree = "<group>"; };
		C67CE9B91C9156A2002B7A86 /* UIView+Extension.swift */ = {isa = PBXFileReference; fileEncoding = 4; lastKnownFileType = sourcecode.swift; path = "UIView+Extension.swift"; sourceTree = "<group>"; };
		C67CE9BD1C9157FD002B7A86 /* Array+Extension.swift */ = {isa = PBXFileReference; fileEncoding = 4; lastKnownFileType = sourcecode.swift; path = "Array+Extension.swift"; sourceTree = "<group>"; };
		C67CE9BF1C915815002B7A86 /* NSDate+Extension.swift */ = {isa = PBXFileReference; fileEncoding = 4; lastKnownFileType = sourcecode.swift; path = "NSDate+Extension.swift"; sourceTree = "<group>"; };
		C67CE9C11C91597B002B7A86 /* UIColor+Extension.swift */ = {isa = PBXFileReference; fileEncoding = 4; lastKnownFileType = sourcecode.swift; path = "UIColor+Extension.swift"; sourceTree = "<group>"; };
		C67CE9C31C915996002B7A86 /* CAMediaTimingFunction+Extension.swift */ = {isa = PBXFileReference; fileEncoding = 4; lastKnownFileType = sourcecode.swift; path = "CAMediaTimingFunction+Extension.swift"; sourceTree = "<group>"; };
		C67CE9C61C915A0C002B7A86 /* CIColorInvert.swift */ = {isa = PBXFileReference; fileEncoding = 4; lastKnownFileType = sourcecode.swift; path = CIColorInvert.swift; sourceTree = "<group>"; };
		C67CE9C81C915A3D002B7A86 /* Common.swift */ = {isa = PBXFileReference; fileEncoding = 4; lastKnownFileType = sourcecode.swift; path = Common.swift; sourceTree = "<group>"; };
		C67CE9CA1C915B9C002B7A86 /* SwiftyUserDefaults.swift */ = {isa = PBXFileReference; fileEncoding = 4; lastKnownFileType = sourcecode.swift; path = SwiftyUserDefaults.swift; sourceTree = "<group>"; };
		C67CE9CE1C915C83002B7A86 /* SwiftyTimer.swift */ = {isa = PBXFileReference; fileEncoding = 4; lastKnownFileType = sourcecode.swift; path = SwiftyTimer.swift; sourceTree = "<group>"; };
		C688F26B1D1E383F00FBDA72 /* 数组操作.playground */ = {isa = PBXFileReference; lastKnownFileType = file.playground; path = "数组操作.playground"; sourceTree = "<group>"; };
		C6894D6C1CBE1C14006CFDCD /* UIBarButtonItem+Extension.swift */ = {isa = PBXFileReference; fileEncoding = 4; lastKnownFileType = sourcecode.swift; path = "UIBarButtonItem+Extension.swift"; sourceTree = "<group>"; };
		C6894D6E1CBE1C7B006CFDCD /* NSString+Extension.swift */ = {isa = PBXFileReference; fileEncoding = 4; lastKnownFileType = sourcecode.swift; path = "NSString+Extension.swift"; sourceTree = "<group>"; };
		C69404B01D2422A700C3AD3B /* 绘制图表.playground */ = {isa = PBXFileReference; lastKnownFileType = file.playground; path = "绘制图表.playground"; sourceTree = "<group>"; };
/* End PBXFileReference section */

/* Begin PBXFrameworksBuildPhase section */
		C67CE9A01C91556D002B7A86 /* Frameworks */ = {
			isa = PBXFrameworksBuildPhase;
			buildActionMask = 2147483647;
			files = (
			);
			runOnlyForDeploymentPostprocessing = 0;
		};
/* End PBXFrameworksBuildPhase section */

/* Begin PBXGroup section */
		C65334EB1D1BF42700C8DC09 /* 学习笔记 */ = {
			isa = PBXGroup;
			children = (
				C69404B01D2422A700C3AD3B /* 绘制图表.playground */,
				C647C2011D1D3F95008F7A4C /* 图片方向修正.playground */,
				C65334EC1D1BF42700C8DC09 /* 图片旋转.playground */,
				C65334ED1D1BF42700C8DC09 /* 生成二维码.playground */,
				C688F26B1D1E383F00FBDA72 /* 数组操作.playground */,
			);
			path = "学习笔记";
			sourceTree = "<group>";
		};
		C67CE99A1C91556D002B7A86 = {
			isa = PBXGroup;
			children = (
				C67CE9A51C91556D002B7A86 /* LucioExtension */,
				C67CE9A41C91556D002B7A86 /* Products */,
			);
			sourceTree = "<group>";
		};
		C67CE9A41C91556D002B7A86 /* Products */ = {
			isa = PBXGroup;
			children = (
				C67CE9A31C91556D002B7A86 /* LucioExtension.app */,
			);
			name = Products;
			sourceTree = "<group>";
		};
		C67CE9A51C91556D002B7A86 /* LucioExtension */ = {
			isa = PBXGroup;
			children = (
				C65334EB1D1BF42700C8DC09 /* 学习笔记 */,
				C67CE9C51C915A02002B7A86 /* Utils */,
				C67CE9B81C915683002B7A86 /* Extensions */,
				C67CE9A61C91556D002B7A86 /* AppDelegate.swift */,
				C67CE9A81C91556D002B7A86 /* ViewController.swift */,
				C67CE9AA1C91556D002B7A86 /* Main.storyboard */,
				C67CE9AD1C91556D002B7A86 /* Assets.xcassets */,
				C67CE9AF1C91556D002B7A86 /* LaunchScreen.storyboard */,
				C67CE9B21C91556D002B7A86 /* Info.plist */,
			);
			path = LucioExtension;
			sourceTree = "<group>";
		};
		C67CE9B81C915683002B7A86 /* Extensions */ = {
			isa = PBXGroup;
			children = (
				C64DC1771D1A37E000CB1708 /* UIImage+Extension.swift */,
				C67CE9CE1C915C83002B7A86 /* SwiftyTimer.swift */,
				C64DC1791D1A38EA00CB1708 /* UIViewController+Extension.swift */,
				C67CE9CA1C915B9C002B7A86 /* SwiftyUserDefaults.swift */,
				C67CE9C31C915996002B7A86 /* CAMediaTimingFunction+Extension.swift */,
				C67CE9B91C9156A2002B7A86 /* UIView+Extension.swift */,
				C67CE9BD1C9157FD002B7A86 /* Array+Extension.swift */,
				C6894D6C1CBE1C14006CFDCD /* UIBarButtonItem+Extension.swift */,
				C67CE9BF1C915815002B7A86 /* NSDate+Extension.swift */,
				C67CE9C11C91597B002B7A86 /* UIColor+Extension.swift */,
				C6894D6E1CBE1C7B006CFDCD /* NSString+Extension.swift */,
			);
			path = Extensions;
			sourceTree = "<group>";
		};
		C67CE9C51C915A02002B7A86 /* Utils */ = {
			isa = PBXGroup;
			children = (
				C67CE9C61C915A0C002B7A86 /* CIColorInvert.swift */,
				C67CE9C81C915A3D002B7A86 /* Common.swift */,
			);
			path = Utils;
			sourceTree = "<group>";
		};
/* End PBXGroup section */

/* Begin PBXNativeTarget section */
		C67CE9A21C91556D002B7A86 /* LucioExtension */ = {
			isa = PBXNativeTarget;
			buildConfigurationList = C67CE9B51C91556D002B7A86 /* Build configuration list for PBXNativeTarget "LucioExtension" */;
			buildPhases = (
				C67CE99F1C91556D002B7A86 /* Sources */,
				C67CE9A01C91556D002B7A86 /* Frameworks */,
				C67CE9A11C91556D002B7A86 /* Resources */,
			);
			buildRules = (
			);
			dependencies = (
			);
			name = LucioExtension;
			productName = LucioExtension;
			productReference = C67CE9A31C91556D002B7A86 /* LucioExtension.app */;
			productType = "com.apple.product-type.application";
		};
/* End PBXNativeTarget section */

/* Begin PBXProject section */
		C67CE99B1C91556D002B7A86 /* Project object */ = {
			isa = PBXProject;
			attributes = {
				LastSwiftUpdateCheck = 0720;
				LastUpgradeCheck = 0720;
				ORGANIZATIONNAME = Person;
				TargetAttributes = {
					C67CE9A21C91556D002B7A86 = {
						CreatedOnToolsVersion = 7.2.1;
					};
				};
			};
			buildConfigurationList = C67CE99E1C91556D002B7A86 /* Build configuration list for PBXProject "LucioExtension" */;
			compatibilityVersion = "Xcode 3.2";
			developmentRegion = English;
			hasScannedForEncodings = 0;
			knownRegions = (
				en,
				Base,
			);
			mainGroup = C67CE99A1C91556D002B7A86;
			productRefGroup = C67CE9A41C91556D002B7A86 /* Products */;
			projectDirPath = "";
			projectRoot = "";
			targets = (
				C67CE9A21C91556D002B7A86 /* LucioExtension */,
			);
		};
/* End PBXProject section */

/* Begin PBXResourcesBuildPhase section */
		C67CE9A11C91556D002B7A86 /* Resources */ = {
			isa = PBXResourcesBuildPhase;
			buildActionMask = 2147483647;
			files = (
				C67CE9B11C91556D002B7A86 /* LaunchScreen.storyboard in Resources */,
				C67CE9AE1C91556D002B7A86 /* Assets.xcassets in Resources */,
				C67CE9AC1C91556D002B7A86 /* Main.storyboard in Resources */,
			);
			runOnlyForDeploymentPostprocessing = 0;
		};
/* End PBXResourcesBuildPhase section */

/* Begin PBXSourcesBuildPhase section */
		C67CE99F1C91556D002B7A86 /* Sources */ = {
			isa = PBXSourcesBuildPhase;
			buildActionMask = 2147483647;
			files = (
				C67CE9CB1C915B9C002B7A86 /* SwiftyUserDefaults.swift in Sources */,
				C64DC1781D1A37E000CB1708 /* UIImage+Extension.swift in Sources */,
				C67CE9C21C91597B002B7A86 /* UIColor+Extension.swift in Sources */,
				C64DC17A1D1A38EA00CB1708 /* UIViewController+Extension.swift in Sources */,
				C67CE9CF1C915C83002B7A86 /* SwiftyTimer.swift in Sources */,
				C67CE9C01C915815002B7A86 /* NSDate+Extension.swift in Sources */,
				C6894D6D1CBE1C14006CFDCD /* UIBarButtonItem+Extension.swift in Sources */,
				C6894D6F1CBE1C7B006CFDCD /* NSString+Extension.swift in Sources */,
				C67CE9C41C915996002B7A86 /* CAMediaTimingFunction+Extension.swift in Sources */,
				C67CE9BA1C9156A2002B7A86 /* UIView+Extension.swift in Sources */,
				C67CE9BE1C9157FD002B7A86 /* Array+Extension.swift in Sources */,
				C67CE9C71C915A0C002B7A86 /* CIColorInvert.swift in Sources */,
				C67CE9A91C91556D002B7A86 /* ViewController.swift in Sources */,
				C67CE9C91C915A3D002B7A86 /* Common.swift in Sources */,
				C67CE9A71C91556D002B7A86 /* AppDelegate.swift in Sources */,
			);
			runOnlyForDeploymentPostprocessing = 0;
		};
/* End PBXSourcesBuildPhase section */

/* Begin PBXVariantGroup section */
		C67CE9AA1C91556D002B7A86 /* Main.storyboard */ = {
			isa = PBXVariantGroup;
			children = (
				C67CE9AB1C91556D002B7A86 /* Base */,
			);
			name = Main.storyboard;
			sourceTree = "<group>";
		};
		C67CE9AF1C91556D002B7A86 /* LaunchScreen.storyboard */ = {
			isa = PBXVariantGroup;
			children = (
				C67CE9B01C91556D002B7A86 /* Base */,
			);
			name = LaunchScreen.storyboard;
			sourceTree = "<group>";
		};
/* End PBXVariantGroup section */

/* Begin XCBuildConfiguration section */
		C67CE9B31C91556D002B7A86 /* Debug */ = {
			isa = XCBuildConfiguration;
			buildSettings = {
				ALWAYS_SEARCH_USER_PATHS = NO;
				CLANG_CXX_LANGUAGE_STANDARD = "gnu++0x";
				CLANG_CXX_LIBRARY = "libc++";
				CLANG_ENABLE_MODULES = YES;
				CLANG_ENABLE_OBJC_ARC = YES;
				CLANG_WARN_BOOL_CONVERSION = YES;
				CLANG_WARN_CONSTANT_CONVERSION = YES;
				CLANG_WARN_DIRECT_OBJC_ISA_USAGE = YES_ERROR;
				CLANG_WARN_EMPTY_BODY = YES;
				CLANG_WARN_ENUM_CONVERSION = YES;
				CLANG_WARN_INT_CONVERSION = YES;
				CLANG_WARN_OBJC_ROOT_CLASS = YES_ERROR;
				CLANG_WARN_UNREACHABLE_CODE = YES;
				CLANG_WARN__DUPLICATE_METHOD_MATCH = YES;
				"CODE_SIGN_IDENTITY[sdk=iphoneos*]" = "iPhone Developer";
				COPY_PHASE_STRIP = NO;
				DEBUG_INFORMATION_FORMAT = dwarf;
				ENABLE_STRICT_OBJC_MSGSEND = YES;
				ENABLE_TESTABILITY = YES;
				GCC_C_LANGUAGE_STANDARD = gnu99;
				GCC_DYNAMIC_NO_PIC = NO;
				GCC_NO_COMMON_BLOCKS = YES;
				GCC_OPTIMIZATION_LEVEL = 0;
				GCC_PREPROCESSOR_DEFINITIONS = (
					"DEBUG=1",
					"$(inherited)",
				);
				GCC_WARN_64_TO_32_BIT_CONVERSION = YES;
				GCC_WARN_ABOUT_RETURN_TYPE = YES_ERROR;
				GCC_WARN_UNDECLARED_SELECTOR = YES;
				GCC_WARN_UNINITIALIZED_AUTOS = YES_AGGRESSIVE;
				GCC_WARN_UNUSED_FUNCTION = YES;
				GCC_WARN_UNUSED_VARIABLE = YES;
				IPHONEOS_DEPLOYMENT_TARGET = 9.2;
				MTL_ENABLE_DEBUG_INFO = YES;
				ONLY_ACTIVE_ARCH = YES;
				SDKROOT = iphoneos;
				SWIFT_OPTIMIZATION_LEVEL = "-Onone";
			};
			name = Debug;
		};
		C67CE9B41C91556D002B7A86 /* Release */ = {
			isa = XCBuildConfiguration;
			buildSettings = {
				ALWAYS_SEARCH_USER_PATHS = NO;
				CLANG_CXX_LANGUAGE_STANDARD = "gnu++0x";
				CLANG_CXX_LIBRARY = "libc++";
				CLANG_ENABLE_MODULES = YES;
				CLANG_ENABLE_OBJC_ARC = YES;
				CLANG_WARN_BOOL_CONVERSION = YES;
				CLANG_WARN_CONSTANT_CONVERSION = YES;
				CLANG_WARN_DIRECT_OBJC_ISA_USAGE = YES_ERROR;
				CLANG_WARN_EMPTY_BODY = YES;
				CLANG_WARN_ENUM_CONVERSION = YES;
				CLANG_WARN_INT_CONVERSION = YES;
				CLANG_WARN_OBJC_ROOT_CLASS = YES_ERROR;
				CLANG_WARN_UNREACHABLE_CODE = YES;
				CLANG_WARN__DUPLICATE_METHOD_MATCH = YES;
				"CODE_SIGN_IDENTITY[sdk=iphoneos*]" = "iPhone Developer";
				COPY_PHASE_STRIP = NO;
				DEBUG_INFORMATION_FORMAT = "dwarf-with-dsym";
				ENABLE_NS_ASSERTIONS = NO;
				ENABLE_STRICT_OBJC_MSGSEND = YES;
				GCC_C_LANGUAGE_STANDARD = gnu99;
				GCC_NO_COMMON_BLOCKS = YES;
				GCC_WARN_64_TO_32_BIT_CONVERSION = YES;
				GCC_WARN_ABOUT_RETURN_TYPE = YES_ERROR;
				GCC_WARN_UNDECLARED_SELECTOR = YES;
				GCC_WARN_UNINITIALIZED_AUTOS = YES_AGGRESSIVE;
				GCC_WARN_UNUSED_FUNCTION = YES;
				GCC_WARN_UNUSED_VARIABLE = YES;
				IPHONEOS_DEPLOYMENT_TARGET = 9.2;
				MTL_ENABLE_DEBUG_INFO = NO;
				SDKROOT = iphoneos;
				VALIDATE_PRODUCT = YES;
			};
			name = Release;
		};
		C67CE9B61C91556D002B7A86 /* Debug */ = {
			isa = XCBuildConfiguration;
			buildSettings = {
				ASSETCATALOG_COMPILER_APPICON_NAME = AppIcon;
				INFOPLIST_FILE = LucioExtension/Info.plist;
				LD_RUNPATH_SEARCH_PATHS = "$(inherited) @executable_path/Frameworks";
				PRODUCT_BUNDLE_IDENTIFIER = com.Person.LucioExtension;
				PRODUCT_NAME = "$(TARGET_NAME)";
			};
			name = Debug;
		};
		C67CE9B71C91556D002B7A86 /* Release */ = {
			isa = XCBuildConfiguration;
			buildSettings = {
				ASSETCATALOG_COMPILER_APPICON_NAME = AppIcon;
				INFOPLIST_FILE = LucioExtension/Info.plist;
				LD_RUNPATH_SEARCH_PATHS = "$(inherited) @executable_path/Frameworks";
				PRODUCT_BUNDLE_IDENTIFIER = com.Person.LucioExtension;
				PRODUCT_NAME = "$(TARGET_NAME)";
			};
			name = Release;
		};
/* End XCBuildConfiguration section */

/* Begin XCConfigurationList section */
		C67CE99E1C91556D002B7A86 /* Build configuration list for PBXProject "LucioExtension" */ = {
			isa = XCConfigurationList;
			buildConfigurations = (
				C67CE9B31C91556D002B7A86 /* Debug */,
				C67CE9B41C91556D002B7A86 /* Release */,
			);
			defaultConfigurationIsVisible = 0;
			defaultConfigurationName = Release;
		};
		C67CE9B51C91556D002B7A86 /* Build configuration list for PBXNativeTarget "LucioExtension" */ = {
			isa = XCConfigurationList;
			buildConfigurations = (
				C67CE9B61C91556D002B7A86 /* Debug */,
				C67CE9B71C91556D002B7A86 /* Release */,
			);
			defaultConfigurationIsVisible = 0;
			defaultConfigurationName = Release;
		};
/* End XCConfigurationList section */
	};
	rootObject = C67CE99B1C91556D002B7A86 /* Project object */;
}
